
Microsoft Visual Studio Solution File, Format Version 12.00
# Visual Studio Version 17
VisualStudioVersion = 17.9.34728.123
MinimumVisualStudioVersion = 10.0.40219.1
Project("{9A19103F-16F7-4668-BE54-9A1E7A4F7556}") = "M001_Greeting", "M001_Greeting\M001_Greeting.csproj", "{7567DCD5-9B6D-4FF7-B86A-FEE45AC462F4}"
EndProject
Project("{9A19103F-16F7-4668-BE54-9A1E7A4F7556}") = "M002_Variables", "M002_Variables\M002_Variables.csproj", "{CBF0EB5C-7FE6-48E8-839A-B1C735ED70A6}"
EndProject
Project("{9A19103F-16F7-4668-BE54-9A1E7A4F7556}") = "M003_Arrays-If", "M003_Arrays-If\M003_Arrays-If.csproj", "{51985EA9-610F-4B0E-B2D6-D3230E02DEF8}"
EndProject
Project("{9A19103F-16F7-4668-BE54-9A1E7A4F7556}") = "M004_Loops-Enums", "M004_Loops-Enums\M004_Loops-Enums.csproj", "{7E26E8DB-DF46-4608-BA68-1BEE504F1854}"
EndProject
Project("{2150E333-8FDC-42A3-9474-1A3956D46DE8}") = "Labs", "Labs", "{41FAF8D8-3241-44D3-9549-75E4DCB61DF1}"
EndProject
Project("{9A19103F-16F7-4668-BE54-9A1E7A4F7556}") = "Musterloesungen", "Musterloesungen\Musterloesungen.csproj", "{6BE30101-C0E4-4B72-8C0C-5D675C255CC1}"
EndProject
Project("{9A19103F-16F7-4668-BE54-9A1E7A4F7556}") = "M005_Functions", "M005_Functions\M005_Functions.csproj", "{618B920E-AF25-4C34-9DED-8A497788550E}"
EndProject
Project("{FAE04EC0-301F-11D3-BF4B-00C04F79EFBC}") = "M006_OOP", "M006_OOP\M006_OOP.csproj", "{1A4B0870-A9F4-4053-A5C6-041DE6B234F6}"
EndProject
Project("{FAE04EC0-301F-11D3-BF4B-00C04F79EFBC}") = "M007_OOP-GP", "M007_OOP-GP\M007_OOP-GP.csproj", "{47ECDCB6-F733-4D6C-879C-946B4535DE38}"
EndProject
Project("{FAE04EC0-301F-11D3-BF4B-00C04F79EFBC}") = "M008_OOP-Inheritance", "M008_OOP-Inheritance\M008_OOP-Inheritance.csproj", "{B12DE18A-799D-4533-BDFD-0A88DBF1E62A}"
EndProject
Global
	GlobalSection(SolutionConfigurationPlatforms) = preSolution
		Debug|Any CPU = Debug|Any CPU
		Release|Any CPU = Release|Any CPU
	EndGlobalSection
	GlobalSection(ProjectConfigurationPlatforms) = postSolution
		{7567DCD5-9B6D-4FF7-B86A-FEE45AC462F4}.Debug|Any CPU.ActiveCfg = Debug|Any CPU
		{7567DCD5-9B6D-4FF7-B86A-FEE45AC462F4}.Debug|Any CPU.Build.0 = Debug|Any CPU
		{7567DCD5-9B6D-4FF7-B86A-FEE45AC462F4}.Release|Any CPU.ActiveCfg = Release|Any CPU
		{7567DCD5-9B6D-4FF7-B86A-FEE45AC462F4}.Release|Any CPU.Build.0 = Release|Any CPU
		{CBF0EB5C-7FE6-48E8-839A-B1C735ED70A6}.Debug|Any CPU.ActiveCfg = Debug|Any CPU
		{CBF0EB5C-7FE6-48E8-839A-B1C735ED70A6}.Debug|Any CPU.Build.0 = Debug|Any CPU
		{CBF0EB5C-7FE6-48E8-839A-B1C735ED70A6}.Release|Any CPU.ActiveCfg = Release|Any CPU
		{CBF0EB5C-7FE6-48E8-839A-B1C735ED70A6}.Release|Any CPU.Build.0 = Release|Any CPU
		{51985EA9-610F-4B0E-B2D6-D3230E02DEF8}.Debug|Any CPU.ActiveCfg = Debug|Any CPU
		{51985EA9-610F-4B0E-B2D6-D3230E02DEF8}.Debug|Any CPU.Build.0 = Debug|Any CPU
		{51985EA9-610F-4B0E-B2D6-D3230E02DEF8}.Release|Any CPU.ActiveCfg = Release|Any CPU
		{51985EA9-610F-4B0E-B2D6-D3230E02DEF8}.Release|Any CPU.Build.0 = Release|Any CPU
		{7E26E8DB-DF46-4608-BA68-1BEE504F1854}.Debug|Any CPU.ActiveCfg = Debug|Any CPU
		{7E26E8DB-DF46-4608-BA68-1BEE504F1854}.Debug|Any CPU.Build.0 = Debug|Any CPU
		{7E26E8DB-DF46-4608-BA68-1BEE504F1854}.Release|Any CPU.ActiveCfg = Release|Any CPU
		{7E26E8DB-DF46-4608-BA68-1BEE504F1854}.Release|Any CPU.Build.0 = Release|Any CPU
		{6BE30101-C0E4-4B72-8C0C-5D675C255CC1}.Debug|Any CPU.ActiveCfg = Debug|Any CPU
		{6BE30101-C0E4-4B72-8C0C-5D675C255CC1}.Debug|Any CPU.Build.0 = Debug|Any CPU
		{6BE30101-C0E4-4B72-8C0C-5D675C255CC1}.Release|Any CPU.ActiveCfg = Release|Any CPU
		{6BE30101-C0E4-4B72-8C0C-5D675C255CC1}.Release|Any CPU.Build.0 = Release|Any CPU
		{618B920E-AF25-4C34-9DED-8A497788550E}.Debug|Any CPU.ActiveCfg = Debug|Any CPU
		{618B920E-AF25-4C34-9DED-8A497788550E}.Debug|Any CPU.Build.0 = Debug|Any CPU
		{618B920E-AF25-4C34-9DED-8A497788550E}.Release|Any CPU.ActiveCfg = Release|Any CPU
		{618B920E-AF25-4C34-9DED-8A497788550E}.Release|Any CPU.Build.0 = Release|Any CPU
		{1A4B0870-A9F4-4053-A5C6-041DE6B234F6}.Debug|Any CPU.ActiveCfg = Debug|Any CPU
		{1A4B0870-A9F4-4053-A5C6-041DE6B234F6}.Debug|Any CPU.Build.0 = Debug|Any CPU
		{1A4B0870-A9F4-4053-A5C6-041DE6B234F6}.Release|Any CPU.ActiveCfg = Release|Any CPU
		{1A4B0870-A9F4-4053-A5C6-041DE6B234F6}.Release|Any CPU.Build.0 = Release|Any CPU
		{47ECDCB6-F733-4D6C-879C-946B4535DE38}.Debug|Any CPU.ActiveCfg = Debug|Any CPU
		{47ECDCB6-F733-4D6C-879C-946B4535DE38}.Debug|Any CPU.Build.0 = Debug|Any CPU
		{47ECDCB6-F733-4D6C-879C-946B4535DE38}.Release|Any CPU.ActiveCfg = Release|Any CPU
		{47ECDCB6-F733-4D6C-879C-946B4535DE38}.Release|Any CPU.Build.0 = Release|Any CPU
		{B12DE18A-799D-4533-BDFD-0A88DBF1E62A}.Debug|Any CPU.ActiveCfg = Debug|Any CPU
		{B12DE18A-799D-4533-BDFD-0A88DBF1E62A}.Debug|Any CPU.Build.0 = Debug|Any CPU
		{B12DE18A-799D-4533-BDFD-0A88DBF1E62A}.Release|Any CPU.ActiveCfg = Release|Any CPU
		{B12DE18A-799D-4533-BDFD-0A88DBF1E62A}.Release|Any CPU.Build.0 = Release|Any CPU
	EndGlobalSection
	GlobalSection(SolutionProperties) = preSolution
		HideSolutionNode = FALSE
	EndGlobalSection
	GlobalSection(NestedProjects) = preSolution
		{6BE30101-C0E4-4B72-8C0C-5D675C255CC1} = {41FAF8D8-3241-44D3-9549-75E4DCB61DF1}
	EndGlobalSection
	GlobalSection(ExtensibilityGlobals) = postSolution
		SolutionGuid = {AB774A3A-6CAF-4EEA-A716-C069EC4B13A3}
	EndGlobalSection
EndGlobal
