
Microsoft Visual Studio Solution File, Format Version 12.00
# Visual Studio Version 17
VisualStudioVersion = 17.9.34728.123
MinimumVisualStudioVersion = 10.0.40219.1
Project("{9A19103F-16F7-4668-BE54-9A1E7A4F7556}") = "M001_Greeting", "M001_Greeting\M001_Greeting.csproj", "{7567DCD5-9B6D-4FF7-B86A-FEE45AC462F4}"
EndProject
Project("{9A19103F-16F7-4668-BE54-9A1E7A4F7556}") = "M002_Variables", "M002_Variables\M002_Variables.csproj", "{CBF0EB5C-7FE6-48E8-839A-B1C735ED70A6}"
EndProject
Project("{9A19103F-16F7-4668-BE54-9A1E7A4F7556}") = "M003_Arrays-If", "M003_Arrays-If\M003_Arrays-If.csproj", "{51985EA9-610F-4B0E-B2D6-D3230E02DEF8}"
EndProject
Project("{9A19103F-16F7-4668-BE54-9A1E7A4F7556}") = "M004_Loops-Enums", "M004_Loops-Enums\M004_Loops-Enums.csproj", "{7E26E8DB-DF46-4608-BA68-1BEE504F1854}"
EndProject
Project("{2150E333-8FDC-42A3-9474-1A3956D46DE8}") = "Labs", "Labs", "{41FAF8D8-3241-44D3-9549-75E4DCB61DF1}"
EndProject
Project("{9A19103F-16F7-4668-BE54-9A1E7A4F7556}") = "Musterloesungen", "Musterloesungen\Musterloesungen.csproj", "{6BE30101-C0E4-4B72-8C0C-5D675C255CC1}"
EndProject
Project("{9A19103F-16F7-4668-BE54-9A1E7A4F7556}") = "M005_Functions", "M005_Functions\M005_Functions.csproj", "{618B920E-AF25-4C34-9DED-8A497788550E}"
EndProject
Project("{9A19103F-16F7-4668-BE54-9A1E7A4F7556}") = "M006_OOP", "M006_OOP\M006_OOP.csproj", "{1A4B0870-A9F4-4053-A5C6-041DE6B234F6}"
EndProject
Project("{9A19103F-16F7-4668-BE54-9A1E7A4F7556}") = "M007_OOP-GP", "M007_OOP-GP\M007_OOP-GP.csproj", "{47ECDCB6-F733-4D6C-879C-946B4535DE38}"
EndProject
Project("{9A19103F-16F7-4668-BE54-9A1E7A4F7556}") = "M008_OOP-Inheritance", "M008_OOP-Inheritance\M008_OOP-Inheritance.csproj", "{B12DE18A-799D-4533-BDFD-0A88DBF1E62A}"
EndProject
Project("{9A19103F-16F7-4668-BE54-9A1E7A4F7556}") = "M009_Types+Poly", "M009-Types+Poly\M009_Types+Poly.csproj", "{3A9390E9-19E0-48D4-8FFB-807F51C5E105}"
EndProject
Project("{9A19103F-16F7-4668-BE54-9A1E7A4F7556}") = "M010_Interfaces", "M010_Interfaces\M010_Interfaces.csproj", "{6271D2D5-8983-4EA1-99B0-298562D1E1C4}"
EndProject
Project("{9A19103F-16F7-4668-BE54-9A1E7A4F7556}") = "M012_Exceptionhandling.Test", "M012_Exceptionhandling.Test\M012_Exceptionhandling.Test.csproj", "{5F1836F4-E885-4998-AC88-32E524DE9210}"
EndProject
Project("{9A19103F-16F7-4668-BE54-9A1E7A4F7556}") = "M012_Exceptionhandling", "M012_Exceptionhandling\M012_Exceptionhandling.csproj", "{75993CA3-C543-48F3-A356-588A88BCEB6F}"
EndProject
Project("{9A19103F-16F7-4668-BE54-9A1E7A4F7556}") = "M011_Generics", "M011_Generics\M011_Generics.csproj", "{9174B10A-ED18-4464-992E-43848B2E0DCA}"
EndProject
Project("{9A19103F-16F7-4668-BE54-9A1E7A4F7556}") = "M012_LabCode", "M012_LabCode\M012_LabCode.csproj", "{D3D2BCDA-7833-413F-9B07-1EFCDA8E1CDA}"
EndProject
Project("{FAE04EC0-301F-11D3-BF4B-00C04F79EFBC}") = "M013_Delegates-Events", "M013_Delegates-Events\M013_Delegates-Events.csproj", "{C449F642-EB20-4C83-B78A-493765495F12}"
EndProject
Project("{FAE04EC0-301F-11D3-BF4B-00C04F79EFBC}") = "M015_Files", "M015_Files\M015_Files.csproj", "{5C41333E-594A-4B7C-AFB7-B0EF81D836F4}"
EndProject
Project("{FAE04EC0-301F-11D3-BF4B-00C04F79EFBC}") = "M016_Misc", "M016_Misc\M016_Misc.csproj", "{AB41E9C1-3D04-426E-97CA-D3C60946FC9E}"
EndProject
Global
	GlobalSection(SolutionConfigurationPlatforms) = preSolution
		Debug|Any CPU = Debug|Any CPU
		Release|Any CPU = Release|Any CPU
	EndGlobalSection
	GlobalSection(ProjectConfigurationPlatforms) = postSolution
		{7567DCD5-9B6D-4FF7-B86A-FEE45AC462F4}.Debug|Any CPU.ActiveCfg = Debug|Any CPU
		{7567DCD5-9B6D-4FF7-B86A-FEE45AC462F4}.Debug|Any CPU.Build.0 = Debug|Any CPU
		{7567DCD5-9B6D-4FF7-B86A-FEE45AC462F4}.Release|Any CPU.ActiveCfg = Release|Any CPU
		{7567DCD5-9B6D-4FF7-B86A-FEE45AC462F4}.Release|Any CPU.Build.0 = Release|Any CPU
		{CBF0EB5C-7FE6-48E8-839A-B1C735ED70A6}.Debug|Any CPU.ActiveCfg = Debug|Any CPU
		{CBF0EB5C-7FE6-48E8-839A-B1C735ED70A6}.Debug|Any CPU.Build.0 = Debug|Any CPU
		{CBF0EB5C-7FE6-48E8-839A-B1C735ED70A6}.Release|Any CPU.ActiveCfg = Release|Any CPU
		{CBF0EB5C-7FE6-48E8-839A-B1C735ED70A6}.Release|Any CPU.Build.0 = Release|Any CPU
		{51985EA9-610F-4B0E-B2D6-D3230E02DEF8}.Debug|Any CPU.ActiveCfg = Debug|Any CPU
		{51985EA9-610F-4B0E-B2D6-D3230E02DEF8}.Debug|Any CPU.Build.0 = Debug|Any CPU
		{51985EA9-610F-4B0E-B2D6-D3230E02DEF8}.Release|Any CPU.ActiveCfg = Release|Any CPU
		{51985EA9-610F-4B0E-B2D6-D3230E02DEF8}.Release|Any CPU.Build.0 = Release|Any CPU
		{7E26E8DB-DF46-4608-BA68-1BEE504F1854}.Debug|Any CPU.ActiveCfg = Debug|Any CPU
		{7E26E8DB-DF46-4608-BA68-1BEE504F1854}.Debug|Any CPU.Build.0 = Debug|Any CPU
		{7E26E8DB-DF46-4608-BA68-1BEE504F1854}.Release|Any CPU.ActiveCfg = Release|Any CPU
		{7E26E8DB-DF46-4608-BA68-1BEE504F1854}.Release|Any CPU.Build.0 = Release|Any CPU
		{6BE30101-C0E4-4B72-8C0C-5D675C255CC1}.Debug|Any CPU.ActiveCfg = Debug|Any CPU
		{6BE30101-C0E4-4B72-8C0C-5D675C255CC1}.Debug|Any CPU.Build.0 = Debug|Any CPU
		{6BE30101-C0E4-4B72-8C0C-5D675C255CC1}.Release|Any CPU.ActiveCfg = Release|Any CPU
		{6BE30101-C0E4-4B72-8C0C-5D675C255CC1}.Release|Any CPU.Build.0 = Release|Any CPU
		{618B920E-AF25-4C34-9DED-8A497788550E}.Debug|Any CPU.ActiveCfg = Debug|Any CPU
		{618B920E-AF25-4C34-9DED-8A497788550E}.Debug|Any CPU.Build.0 = Debug|Any CPU
		{618B920E-AF25-4C34-9DED-8A497788550E}.Release|Any CPU.ActiveCfg = Release|Any CPU
		{618B920E-AF25-4C34-9DED-8A497788550E}.Release|Any CPU.Build.0 = Release|Any CPU
		{1A4B0870-A9F4-4053-A5C6-041DE6B234F6}.Debug|Any CPU.ActiveCfg = Debug|Any CPU
		{1A4B0870-A9F4-4053-A5C6-041DE6B234F6}.Debug|Any CPU.Build.0 = Debug|Any CPU
		{1A4B0870-A9F4-4053-A5C6-041DE6B234F6}.Release|Any CPU.ActiveCfg = Release|Any CPU
		{1A4B0870-A9F4-4053-A5C6-041DE6B234F6}.Release|Any CPU.Build.0 = Release|Any CPU
		{47ECDCB6-F733-4D6C-879C-946B4535DE38}.Debug|Any CPU.ActiveCfg = Debug|Any CPU
		{47ECDCB6-F733-4D6C-879C-946B4535DE38}.Debug|Any CPU.Build.0 = Debug|Any CPU
		{47ECDCB6-F733-4D6C-879C-946B4535DE38}.Release|Any CPU.ActiveCfg = Release|Any CPU
		{47ECDCB6-F733-4D6C-879C-946B4535DE38}.Release|Any CPU.Build.0 = Release|Any CPU
		{B12DE18A-799D-4533-BDFD-0A88DBF1E62A}.Debug|Any CPU.ActiveCfg = Debug|Any CPU
		{B12DE18A-799D-4533-BDFD-0A88DBF1E62A}.Debug|Any CPU.Build.0 = Debug|Any CPU
		{B12DE18A-799D-4533-BDFD-0A88DBF1E62A}.Release|Any CPU.ActiveCfg = Release|Any CPU
		{B12DE18A-799D-4533-BDFD-0A88DBF1E62A}.Release|Any CPU.Build.0 = Release|Any CPU
		{3A9390E9-19E0-48D4-8FFB-807F51C5E105}.Debug|Any CPU.ActiveCfg = Debug|Any CPU
		{3A9390E9-19E0-48D4-8FFB-807F51C5E105}.Debug|Any CPU.Build.0 = Debug|Any CPU
		{3A9390E9-19E0-48D4-8FFB-807F51C5E105}.Release|Any CPU.ActiveCfg = Release|Any CPU
		{3A9390E9-19E0-48D4-8FFB-807F51C5E105}.Release|Any CPU.Build.0 = Release|Any CPU
		{6271D2D5-8983-4EA1-99B0-298562D1E1C4}.Debug|Any CPU.ActiveCfg = Debug|Any CPU
		{6271D2D5-8983-4EA1-99B0-298562D1E1C4}.Debug|Any CPU.Build.0 = Debug|Any CPU
		{6271D2D5-8983-4EA1-99B0-298562D1E1C4}.Release|Any CPU.ActiveCfg = Release|Any CPU
		{6271D2D5-8983-4EA1-99B0-298562D1E1C4}.Release|Any CPU.Build.0 = Release|Any CPU
		{5F1836F4-E885-4998-AC88-32E524DE9210}.Debug|Any CPU.ActiveCfg = Debug|Any CPU
		{5F1836F4-E885-4998-AC88-32E524DE9210}.Debug|Any CPU.Build.0 = Debug|Any CPU
		{5F1836F4-E885-4998-AC88-32E524DE9210}.Release|Any CPU.ActiveCfg = Release|Any CPU
		{5F1836F4-E885-4998-AC88-32E524DE9210}.Release|Any CPU.Build.0 = Release|Any CPU
		{75993CA3-C543-48F3-A356-588A88BCEB6F}.Debug|Any CPU.ActiveCfg = Debug|Any CPU
		{75993CA3-C543-48F3-A356-588A88BCEB6F}.Debug|Any CPU.Build.0 = Debug|Any CPU
		{75993CA3-C543-48F3-A356-588A88BCEB6F}.Release|Any CPU.ActiveCfg = Release|Any CPU
		{75993CA3-C543-48F3-A356-588A88BCEB6F}.Release|Any CPU.Build.0 = Release|Any CPU
		{9174B10A-ED18-4464-992E-43848B2E0DCA}.Debug|Any CPU.ActiveCfg = Debug|Any CPU
		{9174B10A-ED18-4464-992E-43848B2E0DCA}.Debug|Any CPU.Build.0 = Debug|Any CPU
		{9174B10A-ED18-4464-992E-43848B2E0DCA}.Release|Any CPU.ActiveCfg = Release|Any CPU
		{9174B10A-ED18-4464-992E-43848B2E0DCA}.Release|Any CPU.Build.0 = Release|Any CPU
		{D3D2BCDA-7833-413F-9B07-1EFCDA8E1CDA}.Debug|Any CPU.ActiveCfg = Debug|Any CPU
		{D3D2BCDA-7833-413F-9B07-1EFCDA8E1CDA}.Debug|Any CPU.Build.0 = Debug|Any CPU
		{D3D2BCDA-7833-413F-9B07-1EFCDA8E1CDA}.Release|Any CPU.ActiveCfg = Release|Any CPU
		{D3D2BCDA-7833-413F-9B07-1EFCDA8E1CDA}.Release|Any CPU.Build.0 = Release|Any CPU
		{C449F642-EB20-4C83-B78A-493765495F12}.Debug|Any CPU.ActiveCfg = Debug|Any CPU
		{C449F642-EB20-4C83-B78A-493765495F12}.Debug|Any CPU.Build.0 = Debug|Any CPU
		{C449F642-EB20-4C83-B78A-493765495F12}.Release|Any CPU.ActiveCfg = Release|Any CPU
		{C449F642-EB20-4C83-B78A-493765495F12}.Release|Any CPU.Build.0 = Release|Any CPU
		{5C41333E-594A-4B7C-AFB7-B0EF81D836F4}.Debug|Any CPU.ActiveCfg = Debug|Any CPU
		{5C41333E-594A-4B7C-AFB7-B0EF81D836F4}.Debug|Any CPU.Build.0 = Debug|Any CPU
		{5C41333E-594A-4B7C-AFB7-B0EF81D836F4}.Release|Any CPU.ActiveCfg = Release|Any CPU
		{5C41333E-594A-4B7C-AFB7-B0EF81D836F4}.Release|Any CPU.Build.0 = Release|Any CPU
		{AB41E9C1-3D04-426E-97CA-D3C60946FC9E}.Debug|Any CPU.ActiveCfg = Debug|Any CPU
		{AB41E9C1-3D04-426E-97CA-D3C60946FC9E}.Debug|Any CPU.Build.0 = Debug|Any CPU
		{AB41E9C1-3D04-426E-97CA-D3C60946FC9E}.Release|Any CPU.ActiveCfg = Release|Any CPU
		{AB41E9C1-3D04-426E-97CA-D3C60946FC9E}.Release|Any CPU.Build.0 = Release|Any CPU
	EndGlobalSection
	GlobalSection(SolutionProperties) = preSolution
		HideSolutionNode = FALSE
	EndGlobalSection
	GlobalSection(NestedProjects) = preSolution
		{6BE30101-C0E4-4B72-8C0C-5D675C255CC1} = {41FAF8D8-3241-44D3-9549-75E4DCB61DF1}
		{D3D2BCDA-7833-413F-9B07-1EFCDA8E1CDA} = {41FAF8D8-3241-44D3-9549-75E4DCB61DF1}
	EndGlobalSection
	GlobalSection(ExtensibilityGlobals) = postSolution
		SolutionGuid = {AB774A3A-6CAF-4EEA-A716-C069EC4B13A3}
	EndGlobalSection
EndGlobal
